
Microsoft Visual Studio Solution File, Format Version 12.00
# Visual Studio Version 17
VisualStudioVersion = 17.7.34031.279
MinimumVisualStudioVersion = 10.0.40219.1
Project("{9A19103F-16F7-4668-BE54-9A1E7A4F7556}") = "TangyWeb_Server", "TangyWeb_Server\TangyWeb_Server.csproj", "{19E86137-233F-44EA-809B-80C38DC28C7A}"
EndProject
Project("{FAE04EC0-301F-11D3-BF4B-00C04F79EFBC}") = "TangyWeb_Client", "TangyWeb_Client\TangyWeb_Client.csproj", "{AE031795-23C2-453B-8BFB-439DA2D10050}"
EndProject
Global
	GlobalSection(SolutionConfigurationPlatforms) = preSolution
		Debug|Any CPU = Debug|Any CPU
		Release|Any CPU = Release|Any CPU
	EndGlobalSection
	GlobalSection(ProjectConfigurationPlatforms) = postSolution
		{19E86137-233F-44EA-809B-80C38DC28C7A}.Debug|Any CPU.ActiveCfg = Debug|Any CPU
		{19E86137-233F-44EA-809B-80C38DC28C7A}.Debug|Any CPU.Build.0 = Debug|Any CPU
		{19E86137-233F-44EA-809B-80C38DC28C7A}.Release|Any CPU.ActiveCfg = Release|Any CPU
		{19E86137-233F-44EA-809B-80C38DC28C7A}.Release|Any CPU.Build.0 = Release|Any CPU
		{AE031795-23C2-453B-8BFB-439DA2D10050}.Debug|Any CPU.ActiveCfg = Debug|Any CPU
		{AE031795-23C2-453B-8BFB-439DA2D10050}.Debug|Any CPU.Build.0 = Debug|Any CPU
		{AE031795-23C2-453B-8BFB-439DA2D10050}.Release|Any CPU.ActiveCfg = Release|Any CPU
		{AE031795-23C2-453B-8BFB-439DA2D10050}.Release|Any CPU.Build.0 = Release|Any CPU
	EndGlobalSection
	GlobalSection(SolutionProperties) = preSolution
		HideSolutionNode = FALSE
	EndGlobalSection
	GlobalSection(ExtensibilityGlobals) = postSolution
		SolutionGuid = {23DFA1EF-8D45-4831-955E-53D71178BFC1}
	EndGlobalSection
EndGlobal
